apiVersion: vendir.k14s.io/v1alpha1
directories:
- contents:
  - git:
      commitTitle: release 5.2.1
      sha: 25e52e26af09933a98afb24cfdd3574e9055034d
      tags:
      - 5.2.1
    path: dist
  - git:
      commitTitle: release 5.2.1
      sha: 25e52e26af09933a98afb24cfdd3574e9055034d
      tags:
      - 5.2.1
    path: plugin
  - git:
      commitTitle: Add repository.url to package.json (#8)...
      sha: bc9aa69db703694cdb6fdedff40466829df6903b
      tags:
      - 1.0.1
    path: vendor/highlightjs-pkl
  path: reveal.js
kind: LockConfig
